
Microsoft Visual Studio Solution File, Format Version 12.00
# Visual Studio Version 17
VisualStudioVersion = 17.14.36109.1
MinimumVisualStudioVersion = 10.0.40219.1
Project("{FAE04EC0-301F-11D3-BF4B-00C04F79EFBC}") = "VitoshaDtoModel", "VitoshaDtoModel\VitoshaDtoModel.csproj", "{6EE1BFCA-DBB6-CA67-F8F3-E1EBFF490786}"
EndProject
Project("{FAE04EC0-301F-11D3-BF4B-00C04F79EFBC}") = "VitoshaDemo", "VitoshaDemo\VitoshaDemo.csproj", "{B72A3B5A-C0E5-41B7-A1A7-68008A54C64E}"
EndProject
Global
	GlobalSection(SolutionConfigurationPlatforms) = preSolution
		Debug|Any CPU = Debug|Any CPU
		Release|Any CPU = Release|Any CPU
	EndGlobalSection
	GlobalSection(ProjectConfigurationPlatforms) = postSolution
		{6EE1BFCA-DBB6-CA67-F8F3-E1EBFF490786}.Debug|Any CPU.ActiveCfg = Debug|Any CPU
		{6EE1BFCA-DBB6-CA67-F8F3-E1EBFF490786}.Debug|Any CPU.Build.0 = Debug|Any CPU
		{6EE1BFCA-DBB6-CA67-F8F3-E1EBFF490786}.Release|Any CPU.ActiveCfg = Release|Any CPU
		{6EE1BFCA-DBB6-CA67-F8F3-E1EBFF490786}.Release|Any CPU.Build.0 = Release|Any CPU
		{B72A3B5A-C0E5-41B7-A1A7-68008A54C64E}.Debug|Any CPU.ActiveCfg = Debug|Any CPU
		{B72A3B5A-C0E5-41B7-A1A7-68008A54C64E}.Debug|Any CPU.Build.0 = Debug|Any CPU
		{B72A3B5A-C0E5-41B7-A1A7-68008A54C64E}.Release|Any CPU.ActiveCfg = Release|Any CPU
		{B72A3B5A-C0E5-41B7-A1A7-68008A54C64E}.Release|Any CPU.Build.0 = Release|Any CPU
	EndGlobalSection
	GlobalSection(SolutionProperties) = preSolution
		HideSolutionNode = FALSE
	EndGlobalSection
	GlobalSection(ExtensibilityGlobals) = postSolution
		SolutionGuid = {B941DC34-D7A6-42D8-B4CC-8D7D0EEA9530}
	EndGlobalSection
EndGlobal
